{
  "name": "medical_tourism_mgt",
  "lockfileVersion": 3,
  "requires": true,
  "packages": {
    "": {
      "devDependencies": {
        "lefthook": "^1.4.10"
      }
    },
    "node_modules/lefthook": {
      "version": "1.4.10",
      "resolved": "https://registry.npmjs.org/lefthook/-/lefthook-1.4.10.tgz",
      "integrity": "sha512-d0XRT7LoHdPYKNdCQNcIx4arFzTb0fro/PQrwJ1qSLBVlN9ljaYszLqsrVMzTNSPjGU1Pb1FbSw1GMxLG9G8kA==",
      "dev": true,
      "hasInstallScript": true,
      "bin": {
        "lefthook": "bin/index.js"
      },
      "optionalDependencies": {
        "lefthook-darwin-arm64": "1.4.10",
        "lefthook-darwin-x64": "1.4.10",
        "lefthook-freebsd-arm64": "1.4.10",
        "lefthook-freebsd-x64": "1.4.10",
        "lefthook-linux-arm64": "1.4.10",
        "lefthook-linux-x64": "1.4.10",
        "lefthook-windows-arm64": "1.4.10",
        "lefthook-windows-x64": "1.4.10"
      }
    },
    "node_modules/lefthook-darwin-arm64": {
      "version": "1.4.10",
      "resolved": "https://registry.npmjs.org/lefthook-darwin-arm64/-/lefthook-darwin-arm64-1.4.10.tgz",
      "integrity": "sha512-mHYTdvsevxwQLMtgDKM8igaY7JUwlGpoMQMrjLiuMuW9SSv0Bl8gZtilEWcxOiWxGcIUwV4Xw+90tlwKQlO7Qg==",
      "cpu": [
        "arm64"
      ],
      "dev": true,
      "optional": true,
      "os": [
        "darwin"
      ]
    },
    "node_modules/lefthook-darwin-x64": {
      "version": "1.4.10",
      "resolved": "https://registry.npmjs.org/lefthook-darwin-x64/-/lefthook-darwin-x64-1.4.10.tgz",
      "integrity": "sha512-rfa9AClAS5gXix0eyv0vV70r7s4jt7dWlR6TSky+rRcxWJ88Vay9U1ZpHlVTAh0karaiHrh6e7AQX+7WbGWUBA==",
      "cpu": [
        "x64"
      ],
      "dev": true,
      "optional": true,
      "os": [
        "darwin"
      ]
    },
    "node_modules/lefthook-freebsd-arm64": {
      "version": "1.4.10",
      "resolved": "https://registry.npmjs.org/lefthook-freebsd-arm64/-/lefthook-freebsd-arm64-1.4.10.tgz",
      "integrity": "sha512-Nh4jEg1OQwsQ+i/kt9XIufQONVj6iEhGWwWoyfycT71wHFCrbNy348Q84EjHTltIUAvE/5jrQdnRDOL6pMZ/Tw==",
      "cpu": [
        "arm64"
      ],
      "dev": true,
      "optional": true,
      "os": [
        "freebsd"
      ]
    },
    "node_modules/lefthook-freebsd-x64": {
      "version": "1.4.10",
      "resolved": "https://registry.npmjs.org/lefthook-freebsd-x64/-/lefthook-freebsd-x64-1.4.10.tgz",
      "integrity": "sha512-3DiI2asrtiYvGXLb6H1ATj7yEj14B6A4c33HLmN5J94PP6rVw6xU2G/PIIAz2wi7/W3igEmuT79F8JJT1mqc7A==",
      "cpu": [
        "x64"
      ],
      "dev": true,
      "optional": true,
      "os": [
        "freebsd"
      ]
    },
    "node_modules/lefthook-linux-arm64": {
      "version": "1.4.10",
      "resolved": "https://registry.npmjs.org/lefthook-linux-arm64/-/lefthook-linux-arm64-1.4.10.tgz",
      "integrity": "sha512-gXwTaEYYLfIIPX2Z63aijPSqmvZf003OKjhBB1Og74qWDxfhKs4zZXoWEdc1BARq6U9hImKdyOD/zDc31uB4mw==",
      "cpu": [
        "arm64"
      ],
      "dev": true,
      "optional": true,
      "os": [
        "linux"
      ]
    },
    "node_modules/lefthook-linux-x64": {
      "version": "1.4.10",
      "resolved": "https://registry.npmjs.org/lefthook-linux-x64/-/lefthook-linux-x64-1.4.10.tgz",
      "integrity": "sha512-svWdDgk2hXpcE37yY27DTbyIgnJuqofrNc30cmHonLO3VQC5CyLwp45CiNtY6qxW0UVBxqSuGuZcB2TPZQfyWQ==",
      "cpu": [
        "x64"
      ],
      "dev": true,
      "optional": true,
      "os": [
        "linux"
      ]
    },
    "node_modules/lefthook-windows-arm64": {
      "version": "1.4.10",
      "resolved": "https://registry.npmjs.org/lefthook-windows-arm64/-/lefthook-windows-arm64-1.4.10.tgz",
      "integrity": "sha512-ntP30mgAdcbDP1fqL6CXn/60tLXVVYQo0aDLLcI/oBI2ff1Im6zeBDVtujv33KdDVrx5Mu9qi7bQstgG02PzvA==",
      "cpu": [
        "arm64"
      ],
      "dev": true,
      "optional": true,
      "os": [
        "win32"
      ]
    },
    "node_modules/lefthook-windows-x64": {
      "version": "1.4.10",
      "resolved": "https://registry.npmjs.org/lefthook-windows-x64/-/lefthook-windows-x64-1.4.10.tgz",
      "integrity": "sha512-MwEGtGpe6EJPfE5jvtxvHsmn2/sQP7+zo2FUf87o2CafmqAOR/R7EvQ7qeg6z6T33cWxnyQSBN23tV10bKhtOQ==",
      "cpu": [
        "x64"
      ],
      "dev": true,
      "optional": true,
      "os": [
        "win32"
      ]
    }
  }
}
